
Microsoft Visual Studio Solution File, Format Version 12.00
# Visual Studio Version 17
VisualStudioVersion = 17.14.36221.1 d17.14
MinimumVisualStudioVersion = 10.0.40219.1
Project("{FAE04EC0-301F-11D3-BF4B-00C04F79EFBC}") = "CardGameUI", "CardGameUI.csproj", "{31405AAB-13E3-4BC3-A191-EA9107942307}"
EndProject
Project("{2150E333-8FDC-42A3-9474-1A3956D46DE8}") = "gameLogic", "gameLogic", "{02EA681E-C7D8-13C7-8484-4AC65E1B71E8}"
	ProjectSection(SolutionItems) = preProject
		..\Mrjelly84\CardGame\CardDemo\Card.cs = ..\Mrjelly84\CardGame\CardDemo\Card.cs
		..\Mrjelly84\CardGame\CardDemo\Deck.cs = ..\Mrjelly84\CardGame\CardDemo\Deck.cs
		..\Mrjelly84\CardGame\CardDemo\Game.cs = ..\Mrjelly84\CardGame\CardDemo\Game.cs
		..\Mrjelly84\CardGame\CardDemo\Player.cs = ..\Mrjelly84\CardGame\CardDemo\Player.cs
		..\Mrjelly84\CardGame\CardDemo\Program.cs = ..\Mrjelly84\CardGame\CardDemo\Program.cs
	EndProjectSection
EndProject
Global
	GlobalSection(SolutionConfigurationPlatforms) = preSolution
		Debug|Any CPU = Debug|Any CPU
		Release|Any CPU = Release|Any CPU
	EndGlobalSection
	GlobalSection(ProjectConfigurationPlatforms) = postSolution
		{31405AAB-13E3-4BC3-A191-EA9107942307}.Debug|Any CPU.ActiveCfg = Debug|Any CPU
		{31405AAB-13E3-4BC3-A191-EA9107942307}.Debug|Any CPU.Build.0 = Debug|Any CPU
		{31405AAB-13E3-4BC3-A191-EA9107942307}.Release|Any CPU.ActiveCfg = Release|Any CPU
		{31405AAB-13E3-4BC3-A191-EA9107942307}.Release|Any CPU.Build.0 = Release|Any CPU
	EndGlobalSection
	GlobalSection(SolutionProperties) = preSolution
		HideSolutionNode = FALSE
	EndGlobalSection
	GlobalSection(ExtensibilityGlobals) = postSolution
		SolutionGuid = {BF88D527-C6CA-41B3-866E-12682D112CA0}
	EndGlobalSection
EndGlobal
